Microsoft Visual Studio Solution File, Format Version 12.00
# Visual Studio 15
VisualStudioVersion = 15.0.27004.2005
MinimumVisualStudioVersion = 15.0.26124.0
Project("{2150E333-8FDC-42A3-9474-1A3956D46DE8}") = "src", "src", "{E8D17141-9E76-4632-91C8-06CB9C91BD02}"
EndProject
Project("{9A19103F-16F7-4668-BE54-9A1E7A4F7556}") = "MaiReo.Messages", "src\MaiReo.Messages\MaiReo.Messages.csproj", "{B3924547-837E-414D-A8FB-109077DB2323}"
EndProject
Project("{9A19103F-16F7-4668-BE54-9A1E7A4F7556}") = "MaiReo.Messages.Abstractions", "src\MaiReo.Messages.Abstractions\MaiReo.Messages.Abstractions.csproj", "{46F4E6A7-0260-454A-8961-00369BBF388E}"
EndProject
Project("{9A19103F-16F7-4668-BE54-9A1E7A4F7556}") = "MaiReo.Messages.Broker", "src\MaiReo.Messages.Broker\MaiReo.Messages.Broker.csproj", "{119678E0-4FE2-4330-BE95-CFBBA3DAB673}"
EndProject
Project("{9A19103F-16F7-4668-BE54-9A1E7A4F7556}") = "MaiReo.Messages.Broker.AbpIntegration", "src\MaiReo.Messages.Broker.AbpIntegration\MaiReo.Messages.Broker.AbpIntegration.csproj", "{03BD8DD2-011C-4798-9017-D26ACBDFB6E1}"
EndProject
Project("{9A19103F-16F7-4668-BE54-9A1E7A4F7556}") = "MaiReo.Messages.Publisher", "src\MaiReo.Messages.Publisher\MaiReo.Messages.Publisher.csproj", "{065FEBC1-5CB7-43D8-914D-D3CB934F7003}"
EndProject
Project("{9A19103F-16F7-4668-BE54-9A1E7A4F7556}") = "MaiReo.Messages.Publisher.AbpIntegration", "src\MaiReo.Messages.Publisher.AbpIntegration\MaiReo.Messages.Publisher.AbpIntegration.csproj", "{7077C385-06BD-497F-BD68-965C8F2ABBB1}"
EndProject
Project("{9A19103F-16F7-4668-BE54-9A1E7A4F7556}") = "MaiReo.Messages.Abstractions.AbpIntegration", "src\MaiReo.Messages.Abstractions.AbpIntegration\MaiReo.Messages.Abstractions.AbpIntegration.csproj", "{D5A24E83-0E06-452F-ACEF-B20918E204C0}"
EndProject
Project("{9A19103F-16F7-4668-BE54-9A1E7A4F7556}") = "MaiReo.Messages.AbpIntegration", "src\MaiReo.Messages.AbpIntegration\MaiReo.Messages.AbpIntegration.csproj", "{BC15F9E4-C7E1-49EE-864F-8D0E03320199}"
EndProject
Project("{9A19103F-16F7-4668-BE54-9A1E7A4F7556}") = "MaiReo.Messages.Receiver", "src\MaiReo.Messages.Receiver\MaiReo.Messages.Receiver.csproj", "{225669C9-B6C2-44D9-8FA5-787E2758EDD9}"
EndProject
Project("{9A19103F-16F7-4668-BE54-9A1E7A4F7556}") = "MaiReo.Messages.Receiver.AbpIntegration", "src\MaiReo.Messages.Receiver.AbpIntegration\MaiReo.Messages.Receiver.AbpIntegration.csproj", "{C6FE2273-96E5-4E85-AB76-0FB6ED8A79E1}"
EndProject
Project("{2150E333-8FDC-42A3-9474-1A3956D46DE8}") = "AbpIntegration", "AbpIntegration", "{885F2AFF-4663-4121-B51F-3D3C031AF6C0}"
EndProject
Project("{2150E333-8FDC-42A3-9474-1A3956D46DE8}") = "Solution Items", "Solution Items", "{D9E4AA6A-658A-4068-B56B-1062BFAFB168}"
	ProjectSection(SolutionItems) = preProject
		.gitignore = .gitignore
		icon.ico = icon.ico
		LICENSE = LICENSE
		MaiReo.Messages.snk = MaiReo.Messages.snk
		README.md = README.md
	EndProjectSection
EndProject
Project("{2150E333-8FDC-42A3-9474-1A3956D46DE8}") = "test", "test", "{8C836B0B-57BB-49A1-9D49-504C5789FB71}"
EndProject
Project("{9A19103F-16F7-4668-BE54-9A1E7A4F7556}") = "MaiReo.Messages.Tests", "test\MaiReo.Messages.Tests\MaiReo.Messages.Tests.csproj", "{EF47B40D-D06E-4DA7-BEDD-3EAB9E9D534F}"
EndProject
Project("{FAE04EC0-301F-11D3-BF4B-00C04F79EFBC}") = "MaiReo.Messages.AbpIntegration.Tests", "test\MaiReo.Messages.AbpIntegration.Tests\MaiReo.Messages.AbpIntegration.Tests.csproj", "{BCC97569-5C79-45AE-B58E-1F80842F6E43}"
EndProject
Global
	GlobalSection(SolutionConfigurationPlatforms) = preSolution
		Debug|Any CPU = Debug|Any CPU
		Debug|x64 = Debug|x64
		Debug|x86 = Debug|x86
		Release|Any CPU = Release|Any CPU
		Release|x64 = Release|x64
		Release|x86 = Release|x86
	EndGlobalSection
	GlobalSection(ProjectConfigurationPlatforms) = postSolution
		{B3924547-837E-414D-A8FB-109077DB2323}.Debug|Any CPU.ActiveCfg = Debug|Any CPU
		{B3924547-837E-414D-A8FB-109077DB2323}.Debug|Any CPU.Build.0 = Debug|Any CPU
		{B3924547-837E-414D-A8FB-109077DB2323}.Debug|x64.ActiveCfg = Debug|Any CPU
		{B3924547-837E-414D-A8FB-109077DB2323}.Debug|x64.Build.0 = Debug|Any CPU
		{B3924547-837E-414D-A8FB-109077DB2323}.Debug|x86.ActiveCfg = Debug|Any CPU
		{B3924547-837E-414D-A8FB-109077DB2323}.Debug|x86.Build.0 = Debug|Any CPU
		{B3924547-837E-414D-A8FB-109077DB2323}.Release|Any CPU.ActiveCfg = Release|Any CPU
		{B3924547-837E-414D-A8FB-109077DB2323}.Release|Any CPU.Build.0 = Release|Any CPU
		{B3924547-837E-414D-A8FB-109077DB2323}.Release|x64.ActiveCfg = Release|Any CPU
		{B3924547-837E-414D-A8FB-109077DB2323}.Release|x64.Build.0 = Release|Any CPU
		{B3924547-837E-414D-A8FB-109077DB2323}.Release|x86.ActiveCfg = Release|Any CPU
		{B3924547-837E-414D-A8FB-109077DB2323}.Release|x86.Build.0 = Release|Any CPU
		{46F4E6A7-0260-454A-8961-00369BBF388E}.Debug|Any CPU.ActiveCfg = Debug|Any CPU
		{46F4E6A7-0260-454A-8961-00369BBF388E}.Debug|Any CPU.Build.0 = Debug|Any CPU
		{46F4E6A7-0260-454A-8961-00369BBF388E}.Debug|x64.ActiveCfg = Debug|Any CPU
		{46F4E6A7-0260-454A-8961-00369BBF388E}.Debug|x64.Build.0 = Debug|Any CPU
		{46F4E6A7-0260-454A-8961-00369BBF388E}.Debug|x86.ActiveCfg = Debug|Any CPU
		{46F4E6A7-0260-454A-8961-00369BBF388E}.Debug|x86.Build.0 = Debug|Any CPU
		{46F4E6A7-0260-454A-8961-00369BBF388E}.Release|Any CPU.ActiveCfg = Release|Any CPU
		{46F4E6A7-0260-454A-8961-00369BBF388E}.Release|Any CPU.Build.0 = Release|Any CPU
		{46F4E6A7-0260-454A-8961-00369BBF388E}.Release|x64.ActiveCfg = Release|Any CPU
		{46F4E6A7-0260-454A-8961-00369BBF388E}.Release|x64.Build.0 = Release|Any CPU
		{46F4E6A7-0260-454A-8961-00369BBF388E}.Release|x86.ActiveCfg = Release|Any CPU
		{46F4E6A7-0260-454A-8961-00369BBF388E}.Release|x86.Build.0 = Release|Any CPU
		{119678E0-4FE2-4330-BE95-CFBBA3DAB673}.Debug|Any CPU.ActiveCfg = Debug|Any CPU
		{119678E0-4FE2-4330-BE95-CFBBA3DAB673}.Debug|Any CPU.Build.0 = Debug|Any CPU
		{119678E0-4FE2-4330-BE95-CFBBA3DAB673}.Debug|x64.ActiveCfg = Debug|Any CPU
		{119678E0-4FE2-4330-BE95-CFBBA3DAB673}.Debug|x64.Build.0 = Debug|Any CPU
		{119678E0-4FE2-4330-BE95-CFBBA3DAB673}.Debug|x86.ActiveCfg = Debug|Any CPU
		{119678E0-4FE2-4330-BE95-CFBBA3DAB673}.Debug|x86.Build.0 = Debug|Any CPU
		{119678E0-4FE2-4330-BE95-CFBBA3DAB673}.Release|Any CPU.ActiveCfg = Release|Any CPU
		{119678E0-4FE2-4330-BE95-CFBBA3DAB673}.Release|Any CPU.Build.0 = Release|Any CPU
		{119678E0-4FE2-4330-BE95-CFBBA3DAB673}.Release|x64.ActiveCfg = Release|Any CPU
		{119678E0-4FE2-4330-BE95-CFBBA3DAB673}.Release|x64.Build.0 = Release|Any CPU
		{119678E0-4FE2-4330-BE95-CFBBA3DAB673}.Release|x86.ActiveCfg = Release|Any CPU
		{119678E0-4FE2-4330-BE95-CFBBA3DAB673}.Release|x86.Build.0 = Release|Any CPU
		{03BD8DD2-011C-4798-9017-D26ACBDFB6E1}.Debug|Any CPU.ActiveCfg = Debug|Any CPU
		{03BD8DD2-011C-4798-9017-D26ACBDFB6E1}.Debug|Any CPU.Build.0 = Debug|Any CPU
		{03BD8DD2-011C-4798-9017-D26ACBDFB6E1}.Debug|x64.ActiveCfg = Debug|Any CPU
		{03BD8DD2-011C-4798-9017-D26ACBDFB6E1}.Debug|x64.Build.0 = Debug|Any CPU
		{03BD8DD2-011C-4798-9017-D26ACBDFB6E1}.Debug|x86.ActiveCfg = Debug|Any CPU
		{03BD8DD2-011C-4798-9017-D26ACBDFB6E1}.Debug|x86.Build.0 = Debug|Any CPU
		{03BD8DD2-011C-4798-9017-D26ACBDFB6E1}.Release|Any CPU.ActiveCfg = Release|Any CPU
		{03BD8DD2-011C-4798-9017-D26ACBDFB6E1}.Release|Any CPU.Build.0 = Release|Any CPU
		{03BD8DD2-011C-4798-9017-D26ACBDFB6E1}.Release|x64.ActiveCfg = Release|Any CPU
		{03BD8DD2-011C-4798-9017-D26ACBDFB6E1}.Release|x64.Build.0 = Release|Any CPU
		{03BD8DD2-011C-4798-9017-D26ACBDFB6E1}.Release|x86.ActiveCfg = Release|Any CPU
		{03BD8DD2-011C-4798-9017-D26ACBDFB6E1}.Release|x86.Build.0 = Release|Any CPU
		{065FEBC1-5CB7-43D8-914D-D3CB934F7003}.Debug|Any CPU.ActiveCfg = Debug|Any CPU
		{065FEBC1-5CB7-43D8-914D-D3CB934F7003}.Debug|Any CPU.Build.0 = Debug|Any CPU
		{065FEBC1-5CB7-43D8-914D-D3CB934F7003}.Debug|x64.ActiveCfg = Debug|Any CPU
		{065FEBC1-5CB7-43D8-914D-D3CB934F7003}.Debug|x64.Build.0 = Debug|Any CPU
		{065FEBC1-5CB7-43D8-914D-D3CB934F7003}.Debug|x86.ActiveCfg = Debug|Any CPU
		{065FEBC1-5CB7-43D8-914D-D3CB934F7003}.Debug|x86.Build.0 = Debug|Any CPU
		{065FEBC1-5CB7-43D8-914D-D3CB934F7003}.Release|Any CPU.ActiveCfg = Release|Any CPU
		{065FEBC1-5CB7-43D8-914D-D3CB934F7003}.Release|Any CPU.Build.0 = Release|Any CPU
		{065FEBC1-5CB7-43D8-914D-D3CB934F7003}.Release|x64.ActiveCfg = Release|Any CPU
		{065FEBC1-5CB7-43D8-914D-D3CB934F7003}.Release|x64.Build.0 = Release|Any CPU
		{065FEBC1-5CB7-43D8-914D-D3CB934F7003}.Release|x86.ActiveCfg = Release|Any CPU
		{065FEBC1-5CB7-43D8-914D-D3CB934F7003}.Release|x86.Build.0 = Release|Any CPU
		{7077C385-06BD-497F-BD68-965C8F2ABBB1}.Debug|Any CPU.ActiveCfg = Debug|Any CPU
		{7077C385-06BD-497F-BD68-965C8F2ABBB1}.Debug|Any CPU.Build.0 = Debug|Any CPU
		{7077C385-06BD-497F-BD68-965C8F2ABBB1}.Debug|x64.ActiveCfg = Debug|Any CPU
		{7077C385-06BD-497F-BD68-965C8F2ABBB1}.Debug|x64.Build.0 = Debug|Any CPU
		{7077C385-06BD-497F-BD68-965C8F2ABBB1}.Debug|x86.ActiveCfg = Debug|Any CPU
		{7077C385-06BD-497F-BD68-965C8F2ABBB1}.Debug|x86.Build.0 = Debug|Any CPU
		{7077C385-06BD-497F-BD68-965C8F2ABBB1}.Release|Any CPU.ActiveCfg = Release|Any CPU
		{7077C385-06BD-497F-BD68-965C8F2ABBB1}.Release|Any CPU.Build.0 = Release|Any CPU
		{7077C385-06BD-497F-BD68-965C8F2ABBB1}.Release|x64.ActiveCfg = Release|Any CPU
		{7077C385-06BD-497F-BD68-965C8F2ABBB1}.Release|x64.Build.0 = Release|Any CPU
		{7077C385-06BD-497F-BD68-965C8F2ABBB1}.Release|x86.ActiveCfg = Release|Any CPU
		{7077C385-06BD-497F-BD68-965C8F2ABBB1}.Release|x86.Build.0 = Release|Any CPU
		{D5A24E83-0E06-452F-ACEF-B20918E204C0}.Debug|Any CPU.ActiveCfg = Debug|Any CPU
		{D5A24E83-0E06-452F-ACEF-B20918E204C0}.Debug|Any CPU.Build.0 = Debug|Any CPU
		{D5A24E83-0E06-452F-ACEF-B20918E204C0}.Debug|x64.ActiveCfg = Debug|Any CPU
		{D5A24E83-0E06-452F-ACEF-B20918E204C0}.Debug|x64.Build.0 = Debug|Any CPU
		{D5A24E83-0E06-452F-ACEF-B20918E204C0}.Debug|x86.ActiveCfg = Debug|Any CPU
		{D5A24E83-0E06-452F-ACEF-B20918E204C0}.Debug|x86.Build.0 = Debug|Any CPU
		{D5A24E83-0E06-452F-ACEF-B20918E204C0}.Release|Any CPU.ActiveCfg = Release|Any CPU
		{D5A24E83-0E06-452F-ACEF-B20918E204C0}.Release|Any CPU.Build.0 = Release|Any CPU
		{D5A24E83-0E06-452F-ACEF-B20918E204C0}.Release|x64.ActiveCfg = Release|Any CPU
		{D5A24E83-0E06-452F-ACEF-B20918E204C0}.Release|x64.Build.0 = Release|Any CPU
		{D5A24E83-0E06-452F-ACEF-B20918E204C0}.Release|x86.ActiveCfg = Release|Any CPU
		{D5A24E83-0E06-452F-ACEF-B20918E204C0}.Release|x86.Build.0 = Release|Any CPU
		{BC15F9E4-C7E1-49EE-864F-8D0E03320199}.Debug|Any CPU.ActiveCfg = Debug|Any CPU
		{BC15F9E4-C7E1-49EE-864F-8D0E03320199}.Debug|Any CPU.Build.0 = Debug|Any CPU
		{BC15F9E4-C7E1-49EE-864F-8D0E03320199}.Debug|x64.ActiveCfg = Debug|Any CPU
		{BC15F9E4-C7E1-49EE-864F-8D0E03320199}.Debug|x64.Build.0 = Debug|Any CPU
		{BC15F9E4-C7E1-49EE-864F-8D0E03320199}.Debug|x86.ActiveCfg = Debug|Any CPU
		{BC15F9E4-C7E1-49EE-864F-8D0E03320199}.Debug|x86.Build.0 = Debug|Any CPU
		{BC15F9E4-C7E1-49EE-864F-8D0E03320199}.Release|Any CPU.ActiveCfg = Release|Any CPU
		{BC15F9E4-C7E1-49EE-864F-8D0E03320199}.Release|Any CPU.Build.0 = Release|Any CPU
		{BC15F9E4-C7E1-49EE-864F-8D0E03320199}.Release|x64.ActiveCfg = Release|Any CPU
		{BC15F9E4-C7E1-49EE-864F-8D0E03320199}.Release|x64.Build.0 = Release|Any CPU
		{BC15F9E4-C7E1-49EE-864F-8D0E03320199}.Release|x86.ActiveCfg = Release|Any CPU
		{BC15F9E4-C7E1-49EE-864F-8D0E03320199}.Release|x86.Build.0 = Release|Any CPU
		{225669C9-B6C2-44D9-8FA5-787E2758EDD9}.Debug|Any CPU.ActiveCfg = Debug|Any CPU
		{225669C9-B6C2-44D9-8FA5-787E2758EDD9}.Debug|Any CPU.Build.0 = Debug|Any CPU
		{225669C9-B6C2-44D9-8FA5-787E2758EDD9}.Debug|x64.ActiveCfg = Debug|Any CPU
		{225669C9-B6C2-44D9-8FA5-787E2758EDD9}.Debug|x64.Build.0 = Debug|Any CPU
		{225669C9-B6C2-44D9-8FA5-787E2758EDD9}.Debug|x86.ActiveCfg = Debug|Any CPU
		{225669C9-B6C2-44D9-8FA5-787E2758EDD9}.Debug|x86.Build.0 = Debug|Any CPU
		{225669C9-B6C2-44D9-8FA5-787E2758EDD9}.Release|Any CPU.ActiveCfg = Release|Any CPU
		{225669C9-B6C2-44D9-8FA5-787E2758EDD9}.Release|Any CPU.Build.0 = Release|Any CPU
		{225669C9-B6C2-44D9-8FA5-787E2758EDD9}.Release|x64.ActiveCfg = Release|Any CPU
		{225669C9-B6C2-44D9-8FA5-787E2758EDD9}.Release|x64.Build.0 = Release|Any CPU
		{225669C9-B6C2-44D9-8FA5-787E2758EDD9}.Release|x86.ActiveCfg = Release|Any CPU
		{225669C9-B6C2-44D9-8FA5-787E2758EDD9}.Release|x86.Build.0 = Release|Any CPU
		{C6FE2273-96E5-4E85-AB76-0FB6ED8A79E1}.Debug|Any CPU.ActiveCfg = Debug|Any CPU
		{C6FE2273-96E5-4E85-AB76-0FB6ED8A79E1}.Debug|Any CPU.Build.0 = Debug|Any CPU
		{C6FE2273-96E5-4E85-AB76-0FB6ED8A79E1}.Debug|x64.ActiveCfg = Debug|Any CPU
		{C6FE2273-96E5-4E85-AB76-0FB6ED8A79E1}.Debug|x64.Build.0 = Debug|Any CPU
		{C6FE2273-96E5-4E85-AB76-0FB6ED8A79E1}.Debug|x86.ActiveCfg = Debug|Any CPU
		{C6FE2273-96E5-4E85-AB76-0FB6ED8A79E1}.Debug|x86.Build.0 = Debug|Any CPU
		{C6FE2273-96E5-4E85-AB76-0FB6ED8A79E1}.Release|Any CPU.ActiveCfg = Release|Any CPU
		{C6FE2273-96E5-4E85-AB76-0FB6ED8A79E1}.Release|Any CPU.Build.0 = Release|Any CPU
		{C6FE2273-96E5-4E85-AB76-0FB6ED8A79E1}.Release|x64.ActiveCfg = Release|Any CPU
		{C6FE2273-96E5-4E85-AB76-0FB6ED8A79E1}.Release|x64.Build.0 = Release|Any CPU
		{C6FE2273-96E5-4E85-AB76-0FB6ED8A79E1}.Release|x86.ActiveCfg = Release|Any CPU
		{C6FE2273-96E5-4E85-AB76-0FB6ED8A79E1}.Release|x86.Build.0 = Release|Any CPU
		{EF47B40D-D06E-4DA7-BEDD-3EAB9E9D534F}.Debug|Any CPU.ActiveCfg = Debug|Any CPU
		{EF47B40D-D06E-4DA7-BEDD-3EAB9E9D534F}.Debug|Any CPU.Build.0 = Debug|Any CPU
		{EF47B40D-D06E-4DA7-BEDD-3EAB9E9D534F}.Debug|x64.ActiveCfg = Debug|Any CPU
		{EF47B40D-D06E-4DA7-BEDD-3EAB9E9D534F}.Debug|x64.Build.0 = Debug|Any CPU
		{EF47B40D-D06E-4DA7-BEDD-3EAB9E9D534F}.Debug|x86.ActiveCfg = Debug|Any CPU
		{EF47B40D-D06E-4DA7-BEDD-3EAB9E9D534F}.Debug|x86.Build.0 = Debug|Any CPU
		{EF47B40D-D06E-4DA7-BEDD-3EAB9E9D534F}.Release|Any CPU.ActiveCfg = Release|Any CPU
		{EF47B40D-D06E-4DA7-BEDD-3EAB9E9D534F}.Release|Any CPU.Build.0 = Release|Any CPU
		{EF47B40D-D06E-4DA7-BEDD-3EAB9E9D534F}.Release|x64.ActiveCfg = Release|Any CPU
		{EF47B40D-D06E-4DA7-BEDD-3EAB9E9D534F}.Release|x64.Build.0 = Release|Any CPU
		{EF47B40D-D06E-4DA7-BEDD-3EAB9E9D534F}.Release|x86.ActiveCfg = Release|Any CPU
		{EF47B40D-D06E-4DA7-BEDD-3EAB9E9D534F}.Release|x86.Build.0 = Release|Any CPU
		{BCC97569-5C79-45AE-B58E-1F80842F6E43}.Debug|Any CPU.ActiveCfg = Debug|Any CPU
		{BCC97569-5C79-45AE-B58E-1F80842F6E43}.Debug|Any CPU.Build.0 = Debug|Any CPU
		{BCC97569-5C79-45AE-B58E-1F80842F6E43}.Debug|x64.ActiveCfg = Debug|Any CPU
		{BCC97569-5C79-45AE-B58E-1F80842F6E43}.Debug|x64.Build.0 = Debug|Any CPU
		{BCC97569-5C79-45AE-B58E-1F80842F6E43}.Debug|x86.ActiveCfg = Debug|Any CPU
		{BCC97569-5C79-45AE-B58E-1F80842F6E43}.Debug|x86.Build.0 = Debug|Any CPU
		{BCC97569-5C79-45AE-B58E-1F80842F6E43}.Release|Any CPU.ActiveCfg = Release|Any CPU
		{BCC97569-5C79-45AE-B58E-1F80842F6E43}.Release|Any CPU.Build.0 = Release|Any CPU
		{BCC97569-5C79-45AE-B58E-1F80842F6E43}.Release|x64.ActiveCfg = Release|Any CPU
		{BCC97569-5C79-45AE-B58E-1F80842F6E43}.Release|x64.Build.0 = Release|Any CPU
		{BCC97569-5C79-45AE-B58E-1F80842F6E43}.Release|x86.ActiveCfg = Release|Any CPU
		{BCC97569-5C79-45AE-B58E-1F80842F6E43}.Release|x86.Build.0 = Release|Any CPU
	EndGlobalSection
	GlobalSection(SolutionProperties) = preSolution
		HideSolutionNode = FALSE
	EndGlobalSection
	GlobalSection(NestedProjects) = preSolution
		{B3924547-837E-414D-A8FB-109077DB2323} = {E8D17141-9E76-4632-91C8-06CB9C91BD02}
		{46F4E6A7-0260-454A-8961-00369BBF388E} = {E8D17141-9E76-4632-91C8-06CB9C91BD02}
		{119678E0-4FE2-4330-BE95-CFBBA3DAB673} = {E8D17141-9E76-4632-91C8-06CB9C91BD02}
		{03BD8DD2-011C-4798-9017-D26ACBDFB6E1} = {885F2AFF-4663-4121-B51F-3D3C031AF6C0}
		{065FEBC1-5CB7-43D8-914D-D3CB934F7003} = {E8D17141-9E76-4632-91C8-06CB9C91BD02}
		{7077C385-06BD-497F-BD68-965C8F2ABBB1} = {885F2AFF-4663-4121-B51F-3D3C031AF6C0}
		{D5A24E83-0E06-452F-ACEF-B20918E204C0} = {885F2AFF-4663-4121-B51F-3D3C031AF6C0}
		{BC15F9E4-C7E1-49EE-864F-8D0E03320199} = {885F2AFF-4663-4121-B51F-3D3C031AF6C0}
		{225669C9-B6C2-44D9-8FA5-787E2758EDD9} = {E8D17141-9E76-4632-91C8-06CB9C91BD02}
		{C6FE2273-96E5-4E85-AB76-0FB6ED8A79E1} = {885F2AFF-4663-4121-B51F-3D3C031AF6C0}
		{885F2AFF-4663-4121-B51F-3D3C031AF6C0} = {E8D17141-9E76-4632-91C8-06CB9C91BD02}
		{EF47B40D-D06E-4DA7-BEDD-3EAB9E9D534F} = {8C836B0B-57BB-49A1-9D49-504C5789FB71}
		{BCC97569-5C79-45AE-B58E-1F80842F6E43} = {8C836B0B-57BB-49A1-9D49-504C5789FB71}
	EndGlobalSection
	GlobalSection(ExtensibilityGlobals) = postSolution
		SolutionGuid = {52F91E18-6BC1-4AE1-A36E-56283439A2A1}
	EndGlobalSection
EndGlobal
